
Microsoft Visual Studio Solution File, Format Version 11.00
# Visual Studio 2010
Project("{FAE04EC0-301F-11D3-BF4B-00C04F79EFBC}") = "Unity.Timeline", "Unity.Timeline.csproj", "{4490e48d-b0ea-cee8-1724-d449da2d1032}"
EndProject
Project("{FAE04EC0-301F-11D3-BF4B-00C04F79EFBC}") = "Unity.PlasticSCM.Editor", "Unity.PlasticSCM.Editor.csproj", "{6d7a051d-9e09-b797-2601-aa299592d279}"
EndProject
Project("{FAE04EC0-301F-11D3-BF4B-00C04F79EFBC}") = "Unity.InputSystem", "Unity.InputSystem.csproj", "{db5ab322-c7b9-d49c-4829-b567a39ff991}"
EndProject
Project("{FAE04EC0-301F-11D3-BF4B-00C04F79EFBC}") = "Unity.VisualScripting.Flow", "Unity.VisualScripting.Flow.csproj", "{53e33d73-b336-6c20-b329-f72a3819ccee}"
EndProject
Project("{FAE04EC0-301F-11D3-BF4B-00C04F79EFBC}") = "Unity.Timeline.Editor", "Unity.Timeline.Editor.csproj", "{c82699ea-5e72-0208-5a3f-439697363c81}"
EndProject
Project("{FAE04EC0-301F-11D3-BF4B-00C04F79EFBC}") = "Unity.Multiplayer.Center.Editor", "Unity.Multiplayer.Center.Editor.csproj", "{85305008-c3fa-6d91-2eec-517a0cd4c33a}"
EndProject
Project("{FAE04EC0-301F-11D3-BF4B-00C04F79EFBC}") = "Unity.VisualScripting.Core.Editor", "Unity.VisualScripting.Core.Editor.csproj", "{89bb009c-40c8-a5a9-2f28-c549b42835a9}"
EndProject
Project("{FAE04EC0-301F-11D3-BF4B-00C04F79EFBC}") = "UnityEngine.UI", "UnityEngine.UI.csproj", "{be4e4534-4ab1-0a71-62f9-68106ded01b0}"
EndProject
Project("{FAE04EC0-301F-11D3-BF4B-00C04F79EFBC}") = "UnityEditor.TestRunner", "UnityEditor.TestRunner.csproj", "{bbff43dc-c88f-e968-80f7-fad93441a607}"
EndProject
Project("{FAE04EC0-301F-11D3-BF4B-00C04F79EFBC}") = "UnityEngine.TestRunner", "UnityEngine.TestRunner.csproj", "{aa8c0a7c-b285-1f5e-316d-a85e0735202b}"
EndProject
Project("{FAE04EC0-301F-11D3-BF4B-00C04F79EFBC}") = "Unity.VisualScripting.Core", "Unity.VisualScripting.Core.csproj", "{c922b57e-fb13-2cb6-3be4-ce88977cb5e4}"
EndProject
Project("{FAE04EC0-301F-11D3-BF4B-00C04F79EFBC}") = "Unity.VisualScripting.Flow.Editor", "Unity.VisualScripting.Flow.Editor.csproj", "{a1795796-ed45-db27-33ca-b0222901a642}"
EndProject
Project("{FAE04EC0-301F-11D3-BF4B-00C04F79EFBC}") = "Unity.VisualStudio.Editor", "Unity.VisualStudio.Editor.csproj", "{c891b318-6487-256b-38e6-ba425cf22c2c}"
EndProject
Project("{FAE04EC0-301F-11D3-BF4B-00C04F79EFBC}") = "Unity.TextMeshPro.Editor", "Unity.TextMeshPro.Editor.csproj", "{42e1cf6b-51ef-908d-4b83-a1328451ecba}"
EndProject
Project("{FAE04EC0-301F-11D3-BF4B-00C04F79EFBC}") = "Unity.TestTools.CodeCoverage.Editor.OpenCover.Model", "Unity.TestTools.CodeCoverage.Editor.OpenCover.Model.csproj", "{8225fc92-d61a-f671-d29f-359ca6b3690c}"
EndProject
Project("{FAE04EC0-301F-11D3-BF4B-00C04F79EFBC}") = "Unity.Rider.Editor", "Unity.Rider.Editor.csproj", "{bc536d71-f2b4-4e91-fb2d-7d0fb980beba}"
EndProject
Project("{FAE04EC0-301F-11D3-BF4B-00C04F79EFBC}") = "Unity.CollabProxy.Editor", "Unity.CollabProxy.Editor.csproj", "{319f0a7a-bf26-66cd-172b-d0f6054fbcdb}"
EndProject
Project("{FAE04EC0-301F-11D3-BF4B-00C04F79EFBC}") = "Unity.VisualScripting.State.Editor", "Unity.VisualScripting.State.Editor.csproj", "{8a576c38-0b5e-9c8e-770d-f3ca168d1dac}"
EndProject
Project("{FAE04EC0-301F-11D3-BF4B-00C04F79EFBC}") = "Unity.TestTools.CodeCoverage.Editor", "Unity.TestTools.CodeCoverage.Editor.csproj", "{3ccee929-a729-14e2-de8b-6823119d8ad5}"
EndProject
Project("{FAE04EC0-301F-11D3-BF4B-00C04F79EFBC}") = "Unity.VisualScripting.State", "Unity.VisualScripting.State.csproj", "{02fcd3f2-b960-f32e-f8db-d65b0a6f645c}"
EndProject
Project("{FAE04EC0-301F-11D3-BF4B-00C04F79EFBC}") = "Unity.Performance.Profile-Analyzer.Editor", "Unity.Performance.Profile-Analyzer.Editor.csproj", "{41bf55c8-8094-168b-439a-71a799dd7288}"
EndProject
Project("{FAE04EC0-301F-11D3-BF4B-00C04F79EFBC}") = "UnityEditor.UI", "UnityEditor.UI.csproj", "{0c92f629-7a33-be9c-25a3-fbd19121486b}"
EndProject
Project("{FAE04EC0-301F-11D3-BF4B-00C04F79EFBC}") = "Unity.TextMeshPro", "Unity.TextMeshPro.csproj", "{d7bbf37a-e326-8b23-9c94-69c8c0a4a178}"
EndProject
Project("{FAE04EC0-301F-11D3-BF4B-00C04F79EFBC}") = "Unity.VisualScripting.SettingsProvider.Editor", "Unity.VisualScripting.SettingsProvider.Editor.csproj", "{20053eb3-7f18-6af8-603a-cefe44725338}"
EndProject
Project("{FAE04EC0-301F-11D3-BF4B-00C04F79EFBC}") = "Unity.TestTools.CodeCoverage.Editor.OpenCover.Mono.Reflection", "Unity.TestTools.CodeCoverage.Editor.OpenCover.Mono.Reflection.csproj", "{dc54e0a6-04ee-7517-b5c7-fffac992bc9b}"
EndProject
Project("{FAE04EC0-301F-11D3-BF4B-00C04F79EFBC}") = "Unity.Settings.Editor", "Unity.Settings.Editor.csproj", "{fb5d0634-9687-ffe3-c3a1-5b68cbdbebbd}"
EndProject
Project("{FAE04EC0-301F-11D3-BF4B-00C04F79EFBC}") = "Unity.InputSystem.DocCodeSamples", "Unity.InputSystem.DocCodeSamples.csproj", "{2e25bf01-b815-5c5c-409c-def82c2c0c5f}"
EndProject
Project("{FAE04EC0-301F-11D3-BF4B-00C04F79EFBC}") = "Unity.Multiplayer.Center.Common", "Unity.Multiplayer.Center.Common.csproj", "{b47ea328-a3d8-c718-3000-25964a6ddd11}"
EndProject
Project("{FAE04EC0-301F-11D3-BF4B-00C04F79EFBC}") = "Unity.InputSystem.ForUI", "Unity.InputSystem.ForUI.csproj", "{d034765c-1ab8-91ca-bcbb-90bb48dc2042}"
EndProject
Project("{FAE04EC0-301F-11D3-BF4B-00C04F79EFBC}") = "Unity.InputSystem.TestFramework", "Unity.InputSystem.TestFramework.csproj", "{f1369034-b694-4d2c-e960-c4fe559f5a47}"
EndProject
Project("{FAE04EC0-301F-11D3-BF4B-00C04F79EFBC}") = "Unity.VisualScripting.Shared.Editor", "Unity.VisualScripting.Shared.Editor.csproj", "{f45eed11-f9af-0c24-22c4-eef9c6681941}"
EndProject
Project("{FAE04EC0-301F-11D3-BF4B-00C04F79EFBC}") = "Unity.EditorCoroutines.Editor", "Unity.EditorCoroutines.Editor.csproj", "{9804fa2b-de43-412c-0684-a457c5264cce}"
EndProject
Project("{FAE04EC0-301F-11D3-BF4B-00C04F79EFBC}") = "Unity.Timeline", "Unity.Timeline.Player.csproj", "{88771279-557d-362c-0799-ab8d686e63d0}"
EndProject
Project("{FAE04EC0-301F-11D3-BF4B-00C04F79EFBC}") = "Unity.InputSystem", "Unity.InputSystem.Player.csproj", "{d3d2718e-288d-6d59-ed02-307b7aeea021}"
EndProject
Project("{FAE04EC0-301F-11D3-BF4B-00C04F79EFBC}") = "Unity.VisualScripting.Flow", "Unity.VisualScripting.Flow.Player.csproj", "{a1a9d274-2f48-3db8-70da-f5c5812a48cb}"
EndProject
Project("{FAE04EC0-301F-11D3-BF4B-00C04F79EFBC}") = "UnityEngine.UI", "UnityEngine.UI.Player.csproj", "{09e8ace4-cb68-75fc-b50e-a2bb14553c2d}"
EndProject
Project("{FAE04EC0-301F-11D3-BF4B-00C04F79EFBC}") = "UnityEngine.TestRunner", "UnityEngine.TestRunner.Player.csproj", "{4e1ddef6-f6aa-20f2-ed82-f1154c858537}"
EndProject
Project("{FAE04EC0-301F-11D3-BF4B-00C04F79EFBC}") = "Unity.VisualScripting.Core", "Unity.VisualScripting.Core.Player.csproj", "{af153e5e-4036-c66b-54f0-126c3b73af86}"
EndProject
Project("{FAE04EC0-301F-11D3-BF4B-00C04F79EFBC}") = "Unity.VisualScripting.State", "Unity.VisualScripting.State.Player.csproj", "{132dc954-f210-949d-af18-81f81a5be5e7}"
EndProject
Project("{FAE04EC0-301F-11D3-BF4B-00C04F79EFBC}") = "Unity.TextMeshPro", "Unity.TextMeshPro.Player.csproj", "{00aa9994-4ca8-3a5b-b195-1dc100c6846a}"
EndProject
Project("{FAE04EC0-301F-11D3-BF4B-00C04F79EFBC}") = "Unity.Multiplayer.Center.Common", "Unity.Multiplayer.Center.Common.Player.csproj", "{833e65f9-21af-9e18-7e5c-5ff86dd9221d}"
EndProject
Project("{FAE04EC0-301F-11D3-BF4B-00C04F79EFBC}") = "Unity.InputSystem.ForUI", "Unity.InputSystem.ForUI.Player.csproj", "{2ac76702-a6a0-5afe-aba3-cf1c654483bf}"
EndProject
Project("{FAE04EC0-301F-11D3-BF4B-00C04F79EFBC}") = "Unity.InputSystem.TestFramework", "Unity.InputSystem.TestFramework.Player.csproj", "{0dcc7cb8-1e6a-8269-c5c9-3b0600d98a56}"
EndProject
Project("{FAE04EC0-301F-11D3-BF4B-00C04F79EFBC}") = "TestNewCustomAssembly", "TestNewCustomAssembly.csproj", "{75f3af36-03a1-9dd4-ce09-d841df481a5d}"
EndProject
Project("{FAE04EC0-301F-11D3-BF4B-00C04F79EFBC}") = "Assembly-CSharp-Editor", "Assembly-CSharp-Editor.csproj", "{7a91239b-d7b8-a570-ac77-497915abab72}"
EndProject
Project("{FAE04EC0-301F-11D3-BF4B-00C04F79EFBC}") = "Assembly-CSharp", "Assembly-CSharp.csproj", "{81fc1848-0850-29f1-5ead-a1a36331f33f}"
EndProject
Project("{FAE04EC0-301F-11D3-BF4B-00C04F79EFBC}") = "Unity.TestTools.CodeCoverage.Editor.Compatibility", "Unity.TestTools.CodeCoverage.Editor.Compatibility.csproj", "{6362e216-062a-3b8c-2e26-93e629742dfc}"
EndProject
Project("{FAE04EC0-301F-11D3-BF4B-00C04F79EFBC}") = "Unity.TextMeshPro.Editor.Tests", "Unity.TextMeshPro.Editor.Tests.csproj", "{a5f4e944-5428-1fe2-ab4b-0493377ad5f0}"
EndProject
Project("{FAE04EC0-301F-11D3-BF4B-00C04F79EFBC}") = "DocCodeExamples", "DocCodeExamples.csproj", "{b0aabd43-2211-f1a3-644f-2211d1bdb845}"
EndProject
Project("{FAE04EC0-301F-11D3-BF4B-00C04F79EFBC}") = "Unity.Multiplayer.Center.Tests", "Unity.Multiplayer.Center.Tests.csproj", "{147d1093-92dd-f9c6-db41-c4c4dea73228}"
EndProject
Project("{FAE04EC0-301F-11D3-BF4B-00C04F79EFBC}") = "Unity.Performance.Profile-Analyzer.EditorTests", "Unity.Performance.Profile-Analyzer.EditorTests.csproj", "{d9772be3-93ae-5888-1226-b823aedc78b2}"
EndProject
Project("{FAE04EC0-301F-11D3-BF4B-00C04F79EFBC}") = "Unity.Multiplayer.Center.Editor.Tests", "Unity.Multiplayer.Center.Editor.Tests.csproj", "{0800a5bc-fa0c-b874-27c2-b33911ad95cf}"
EndProject
Project("{FAE04EC0-301F-11D3-BF4B-00C04F79EFBC}") = "Unity.Settings.Tests", "Unity.Settings.Tests.csproj", "{a27d971a-81de-ca2b-fd85-932fbea1d33e}"
EndProject
Project("{FAE04EC0-301F-11D3-BF4B-00C04F79EFBC}") = "UnityEngine.UI.Tests", "UnityEngine.UI.Tests.csproj", "{179a7c8d-04e9-9cc1-ceaf-88495b110193}"
EndProject
Project("{FAE04EC0-301F-11D3-BF4B-00C04F79EFBC}") = "Unity.InputSystem.IntegrationTests", "Unity.InputSystem.IntegrationTests.csproj", "{d559e315-2aa3-6a0d-88c9-cb16c0af7f09}"
EndProject
Project("{FAE04EC0-301F-11D3-BF4B-00C04F79EFBC}") = "Unity.TextMeshPro.Tests", "Unity.TextMeshPro.Tests.csproj", "{c31a64df-78dd-42d2-d12f-626e92101912}"
EndProject
Project("{FAE04EC0-301F-11D3-BF4B-00C04F79EFBC}") = "UnityEditor.UI.EditorTests", "UnityEditor.UI.EditorTests.csproj", "{ebd24555-11bd-e17a-d893-81f5fa407116}"
EndProject
Global
	GlobalSection(SolutionConfigurationPlatforms) = preSolution
		Debug|Any CPU = Debug|Any CPU
	EndGlobalSection
	GlobalSection(ProjectConfigurationPlatforms) = postSolution
		{4490e48d-b0ea-cee8-1724-d449da2d1032}.Debug|Any CPU.ActiveCfg = Debug|Any CPU
		{4490e48d-b0ea-cee8-1724-d449da2d1032}.Debug|Any CPU.Build.0 = Debug|Any CPU
		{6d7a051d-9e09-b797-2601-aa299592d279}.Debug|Any CPU.ActiveCfg = Debug|Any CPU
		{6d7a051d-9e09-b797-2601-aa299592d279}.Debug|Any CPU.Build.0 = Debug|Any CPU
		{db5ab322-c7b9-d49c-4829-b567a39ff991}.Debug|Any CPU.ActiveCfg = Debug|Any CPU
		{db5ab322-c7b9-d49c-4829-b567a39ff991}.Debug|Any CPU.Build.0 = Debug|Any CPU
		{53e33d73-b336-6c20-b329-f72a3819ccee}.Debug|Any CPU.ActiveCfg = Debug|Any CPU
		{53e33d73-b336-6c20-b329-f72a3819ccee}.Debug|Any CPU.Build.0 = Debug|Any CPU
		{c82699ea-5e72-0208-5a3f-439697363c81}.Debug|Any CPU.ActiveCfg = Debug|Any CPU
		{c82699ea-5e72-0208-5a3f-439697363c81}.Debug|Any CPU.Build.0 = Debug|Any CPU
		{85305008-c3fa-6d91-2eec-517a0cd4c33a}.Debug|Any CPU.ActiveCfg = Debug|Any CPU
		{85305008-c3fa-6d91-2eec-517a0cd4c33a}.Debug|Any CPU.Build.0 = Debug|Any CPU
		{89bb009c-40c8-a5a9-2f28-c549b42835a9}.Debug|Any CPU.ActiveCfg = Debug|Any CPU
		{89bb009c-40c8-a5a9-2f28-c549b42835a9}.Debug|Any CPU.Build.0 = Debug|Any CPU
		{be4e4534-4ab1-0a71-62f9-68106ded01b0}.Debug|Any CPU.ActiveCfg = Debug|Any CPU
		{be4e4534-4ab1-0a71-62f9-68106ded01b0}.Debug|Any CPU.Build.0 = Debug|Any CPU
		{bbff43dc-c88f-e968-80f7-fad93441a607}.Debug|Any CPU.ActiveCfg = Debug|Any CPU
		{bbff43dc-c88f-e968-80f7-fad93441a607}.Debug|Any CPU.Build.0 = Debug|Any CPU
		{aa8c0a7c-b285-1f5e-316d-a85e0735202b}.Debug|Any CPU.ActiveCfg = Debug|Any CPU
		{aa8c0a7c-b285-1f5e-316d-a85e0735202b}.Debug|Any CPU.Build.0 = Debug|Any CPU
		{c922b57e-fb13-2cb6-3be4-ce88977cb5e4}.Debug|Any CPU.ActiveCfg = Debug|Any CPU
		{c922b57e-fb13-2cb6-3be4-ce88977cb5e4}.Debug|Any CPU.Build.0 = Debug|Any CPU
		{a1795796-ed45-db27-33ca-b0222901a642}.Debug|Any CPU.ActiveCfg = Debug|Any CPU
		{a1795796-ed45-db27-33ca-b0222901a642}.Debug|Any CPU.Build.0 = Debug|Any CPU
		{c891b318-6487-256b-38e6-ba425cf22c2c}.Debug|Any CPU.ActiveCfg = Debug|Any CPU
		{c891b318-6487-256b-38e6-ba425cf22c2c}.Debug|Any CPU.Build.0 = Debug|Any CPU
		{42e1cf6b-51ef-908d-4b83-a1328451ecba}.Debug|Any CPU.ActiveCfg = Debug|Any CPU
		{42e1cf6b-51ef-908d-4b83-a1328451ecba}.Debug|Any CPU.Build.0 = Debug|Any CPU
		{8225fc92-d61a-f671-d29f-359ca6b3690c}.Debug|Any CPU.ActiveCfg = Debug|Any CPU
		{8225fc92-d61a-f671-d29f-359ca6b3690c}.Debug|Any CPU.Build.0 = Debug|Any CPU
		{bc536d71-f2b4-4e91-fb2d-7d0fb980beba}.Debug|Any CPU.ActiveCfg = Debug|Any CPU
		{bc536d71-f2b4-4e91-fb2d-7d0fb980beba}.Debug|Any CPU.Build.0 = Debug|Any CPU
		{319f0a7a-bf26-66cd-172b-d0f6054fbcdb}.Debug|Any CPU.ActiveCfg = Debug|Any CPU
		{319f0a7a-bf26-66cd-172b-d0f6054fbcdb}.Debug|Any CPU.Build.0 = Debug|Any CPU
		{8a576c38-0b5e-9c8e-770d-f3ca168d1dac}.Debug|Any CPU.ActiveCfg = Debug|Any CPU
		{8a576c38-0b5e-9c8e-770d-f3ca168d1dac}.Debug|Any CPU.Build.0 = Debug|Any CPU
		{3ccee929-a729-14e2-de8b-6823119d8ad5}.Debug|Any CPU.ActiveCfg = Debug|Any CPU
		{3ccee929-a729-14e2-de8b-6823119d8ad5}.Debug|Any CPU.Build.0 = Debug|Any CPU
		{02fcd3f2-b960-f32e-f8db-d65b0a6f645c}.Debug|Any CPU.ActiveCfg = Debug|Any CPU
		{02fcd3f2-b960-f32e-f8db-d65b0a6f645c}.Debug|Any CPU.Build.0 = Debug|Any CPU
		{41bf55c8-8094-168b-439a-71a799dd7288}.Debug|Any CPU.ActiveCfg = Debug|Any CPU
		{41bf55c8-8094-168b-439a-71a799dd7288}.Debug|Any CPU.Build.0 = Debug|Any CPU
		{0c92f629-7a33-be9c-25a3-fbd19121486b}.Debug|Any CPU.ActiveCfg = Debug|Any CPU
		{0c92f629-7a33-be9c-25a3-fbd19121486b}.Debug|Any CPU.Build.0 = Debug|Any CPU
		{d7bbf37a-e326-8b23-9c94-69c8c0a4a178}.Debug|Any CPU.ActiveCfg = Debug|Any CPU
		{d7bbf37a-e326-8b23-9c94-69c8c0a4a178}.Debug|Any CPU.Build.0 = Debug|Any CPU
		{20053eb3-7f18-6af8-603a-cefe44725338}.Debug|Any CPU.ActiveCfg = Debug|Any CPU
		{20053eb3-7f18-6af8-603a-cefe44725338}.Debug|Any CPU.Build.0 = Debug|Any CPU
		{dc54e0a6-04ee-7517-b5c7-fffac992bc9b}.Debug|Any CPU.ActiveCfg = Debug|Any CPU
		{dc54e0a6-04ee-7517-b5c7-fffac992bc9b}.Debug|Any CPU.Build.0 = Debug|Any CPU
		{fb5d0634-9687-ffe3-c3a1-5b68cbdbebbd}.Debug|Any CPU.ActiveCfg = Debug|Any CPU
		{fb5d0634-9687-ffe3-c3a1-5b68cbdbebbd}.Debug|Any CPU.Build.0 = Debug|Any CPU
		{2e25bf01-b815-5c5c-409c-def82c2c0c5f}.Debug|Any CPU.ActiveCfg = Debug|Any CPU
		{2e25bf01-b815-5c5c-409c-def82c2c0c5f}.Debug|Any CPU.Build.0 = Debug|Any CPU
		{b47ea328-a3d8-c718-3000-25964a6ddd11}.Debug|Any CPU.ActiveCfg = Debug|Any CPU
		{b47ea328-a3d8-c718-3000-25964a6ddd11}.Debug|Any CPU.Build.0 = Debug|Any CPU
		{d034765c-1ab8-91ca-bcbb-90bb48dc2042}.Debug|Any CPU.ActiveCfg = Debug|Any CPU
		{d034765c-1ab8-91ca-bcbb-90bb48dc2042}.Debug|Any CPU.Build.0 = Debug|Any CPU
		{f1369034-b694-4d2c-e960-c4fe559f5a47}.Debug|Any CPU.ActiveCfg = Debug|Any CPU
		{f1369034-b694-4d2c-e960-c4fe559f5a47}.Debug|Any CPU.Build.0 = Debug|Any CPU
		{f45eed11-f9af-0c24-22c4-eef9c6681941}.Debug|Any CPU.ActiveCfg = Debug|Any CPU
		{f45eed11-f9af-0c24-22c4-eef9c6681941}.Debug|Any CPU.Build.0 = Debug|Any CPU
		{9804fa2b-de43-412c-0684-a457c5264cce}.Debug|Any CPU.ActiveCfg = Debug|Any CPU
		{9804fa2b-de43-412c-0684-a457c5264cce}.Debug|Any CPU.Build.0 = Debug|Any CPU
		{88771279-557d-362c-0799-ab8d686e63d0}.Debug|Any CPU.ActiveCfg = Debug|Any CPU
		{88771279-557d-362c-0799-ab8d686e63d0}.Debug|Any CPU.Build.0 = Debug|Any CPU
		{d3d2718e-288d-6d59-ed02-307b7aeea021}.Debug|Any CPU.ActiveCfg = Debug|Any CPU
		{d3d2718e-288d-6d59-ed02-307b7aeea021}.Debug|Any CPU.Build.0 = Debug|Any CPU
		{a1a9d274-2f48-3db8-70da-f5c5812a48cb}.Debug|Any CPU.ActiveCfg = Debug|Any CPU
		{a1a9d274-2f48-3db8-70da-f5c5812a48cb}.Debug|Any CPU.Build.0 = Debug|Any CPU
		{09e8ace4-cb68-75fc-b50e-a2bb14553c2d}.Debug|Any CPU.ActiveCfg = Debug|Any CPU
		{09e8ace4-cb68-75fc-b50e-a2bb14553c2d}.Debug|Any CPU.Build.0 = Debug|Any CPU
		{4e1ddef6-f6aa-20f2-ed82-f1154c858537}.Debug|Any CPU.ActiveCfg = Debug|Any CPU
		{4e1ddef6-f6aa-20f2-ed82-f1154c858537}.Debug|Any CPU.Build.0 = Debug|Any CPU
		{af153e5e-4036-c66b-54f0-126c3b73af86}.Debug|Any CPU.ActiveCfg = Debug|Any CPU
		{af153e5e-4036-c66b-54f0-126c3b73af86}.Debug|Any CPU.Build.0 = Debug|Any CPU
		{132dc954-f210-949d-af18-81f81a5be5e7}.Debug|Any CPU.ActiveCfg = Debug|Any CPU
		{132dc954-f210-949d-af18-81f81a5be5e7}.Debug|Any CPU.Build.0 = Debug|Any CPU
		{00aa9994-4ca8-3a5b-b195-1dc100c6846a}.Debug|Any CPU.ActiveCfg = Debug|Any CPU
		{00aa9994-4ca8-3a5b-b195-1dc100c6846a}.Debug|Any CPU.Build.0 = Debug|Any CPU
		{833e65f9-21af-9e18-7e5c-5ff86dd9221d}.Debug|Any CPU.ActiveCfg = Debug|Any CPU
		{833e65f9-21af-9e18-7e5c-5ff86dd9221d}.Debug|Any CPU.Build.0 = Debug|Any CPU
		{2ac76702-a6a0-5afe-aba3-cf1c654483bf}.Debug|Any CPU.ActiveCfg = Debug|Any CPU
		{2ac76702-a6a0-5afe-aba3-cf1c654483bf}.Debug|Any CPU.Build.0 = Debug|Any CPU
		{0dcc7cb8-1e6a-8269-c5c9-3b0600d98a56}.Debug|Any CPU.ActiveCfg = Debug|Any CPU
		{0dcc7cb8-1e6a-8269-c5c9-3b0600d98a56}.Debug|Any CPU.Build.0 = Debug|Any CPU
		{75f3af36-03a1-9dd4-ce09-d841df481a5d}.Debug|Any CPU.ActiveCfg = Debug|Any CPU
		{75f3af36-03a1-9dd4-ce09-d841df481a5d}.Debug|Any CPU.Build.0 = Debug|Any CPU
		{7a91239b-d7b8-a570-ac77-497915abab72}.Debug|Any CPU.ActiveCfg = Debug|Any CPU
		{7a91239b-d7b8-a570-ac77-497915abab72}.Debug|Any CPU.Build.0 = Debug|Any CPU
		{81fc1848-0850-29f1-5ead-a1a36331f33f}.Debug|Any CPU.ActiveCfg = Debug|Any CPU
		{81fc1848-0850-29f1-5ead-a1a36331f33f}.Debug|Any CPU.Build.0 = Debug|Any CPU
		{6362e216-062a-3b8c-2e26-93e629742dfc}.Debug|Any CPU.ActiveCfg = Debug|Any CPU
		{6362e216-062a-3b8c-2e26-93e629742dfc}.Debug|Any CPU.Build.0 = Debug|Any CPU
		{a5f4e944-5428-1fe2-ab4b-0493377ad5f0}.Debug|Any CPU.ActiveCfg = Debug|Any CPU
		{a5f4e944-5428-1fe2-ab4b-0493377ad5f0}.Debug|Any CPU.Build.0 = Debug|Any CPU
		{b0aabd43-2211-f1a3-644f-2211d1bdb845}.Debug|Any CPU.ActiveCfg = Debug|Any CPU
		{b0aabd43-2211-f1a3-644f-2211d1bdb845}.Debug|Any CPU.Build.0 = Debug|Any CPU
		{147d1093-92dd-f9c6-db41-c4c4dea73228}.Debug|Any CPU.ActiveCfg = Debug|Any CPU
		{147d1093-92dd-f9c6-db41-c4c4dea73228}.Debug|Any CPU.Build.0 = Debug|Any CPU
		{d9772be3-93ae-5888-1226-b823aedc78b2}.Debug|Any CPU.ActiveCfg = Debug|Any CPU
		{d9772be3-93ae-5888-1226-b823aedc78b2}.Debug|Any CPU.Build.0 = Debug|Any CPU
		{0800a5bc-fa0c-b874-27c2-b33911ad95cf}.Debug|Any CPU.ActiveCfg = Debug|Any CPU
		{0800a5bc-fa0c-b874-27c2-b33911ad95cf}.Debug|Any CPU.Build.0 = Debug|Any CPU
		{a27d971a-81de-ca2b-fd85-932fbea1d33e}.Debug|Any CPU.ActiveCfg = Debug|Any CPU
		{a27d971a-81de-ca2b-fd85-932fbea1d33e}.Debug|Any CPU.Build.0 = Debug|Any CPU
		{179a7c8d-04e9-9cc1-ceaf-88495b110193}.Debug|Any CPU.ActiveCfg = Debug|Any CPU
		{179a7c8d-04e9-9cc1-ceaf-88495b110193}.Debug|Any CPU.Build.0 = Debug|Any CPU
		{d559e315-2aa3-6a0d-88c9-cb16c0af7f09}.Debug|Any CPU.ActiveCfg = Debug|Any CPU
		{d559e315-2aa3-6a0d-88c9-cb16c0af7f09}.Debug|Any CPU.Build.0 = Debug|Any CPU
		{c31a64df-78dd-42d2-d12f-626e92101912}.Debug|Any CPU.ActiveCfg = Debug|Any CPU
		{c31a64df-78dd-42d2-d12f-626e92101912}.Debug|Any CPU.Build.0 = Debug|Any CPU
		{ebd24555-11bd-e17a-d893-81f5fa407116}.Debug|Any CPU.ActiveCfg = Debug|Any CPU
		{ebd24555-11bd-e17a-d893-81f5fa407116}.Debug|Any CPU.Build.0 = Debug|Any CPU
	EndGlobalSection
	GlobalSection(SolutionProperties) = preSolution
		HideSolutionNode = FALSE
	EndGlobalSection
EndGlobal
